
Microsoft Visual Studio Solution File, Format Version 12.00
# Visual Studio Version 16
VisualStudioVersion = 16.0.31205.134
MinimumVisualStudioVersion = 10.0.40219.1
Project("{FAE04EC0-301F-11D3-BF4B-00C04F79EFBC}") = "DonationManager", "DonationManager\DonationManager.csproj", "{F3E1F5F8-1D3D-4592-BF43-0BD735F91129}"
EndProject
Project("{00D1A9C2-B5F0-4AF3-8072-F6C62B433612}") = "DonationManagerData", "DonationManagerData\DonationManagerData.sqlproj", "{EDC1DD41-57AB-4C15-827D-6497D55F0518}"
EndProject
Global
	GlobalSection(SolutionConfigurationPlatforms) = preSolution
		Debug|Any CPU = Debug|Any CPU
		Release|Any CPU = Release|Any CPU
	EndGlobalSection
	GlobalSection(ProjectConfigurationPlatforms) = postSolution
		{F3E1F5F8-1D3D-4592-BF43-0BD735F91129}.Debug|Any CPU.ActiveCfg = Debug|Any CPU
		{F3E1F5F8-1D3D-4592-BF43-0BD735F91129}.Debug|Any CPU.Build.0 = Debug|Any CPU
		{F3E1F5F8-1D3D-4592-BF43-0BD735F91129}.Release|Any CPU.ActiveCfg = Release|Any CPU
		{F3E1F5F8-1D3D-4592-BF43-0BD735F91129}.Release|Any CPU.Build.0 = Release|Any CPU
		{EDC1DD41-57AB-4C15-827D-6497D55F0518}.Debug|Any CPU.ActiveCfg = Debug|Any CPU
		{EDC1DD41-57AB-4C15-827D-6497D55F0518}.Debug|Any CPU.Deploy.0 = Debug|Any CPU
		{EDC1DD41-57AB-4C15-827D-6497D55F0518}.Release|Any CPU.ActiveCfg = Release|Any CPU
		{EDC1DD41-57AB-4C15-827D-6497D55F0518}.Release|Any CPU.Build.0 = Release|Any CPU
		{EDC1DD41-57AB-4C15-827D-6497D55F0518}.Release|Any CPU.Deploy.0 = Release|Any CPU
	EndGlobalSection
	GlobalSection(SolutionProperties) = preSolution
		HideSolutionNode = FALSE
	EndGlobalSection
	GlobalSection(ExtensibilityGlobals) = postSolution
		SolutionGuid = {99BB280F-28A1-485D-A776-E9034AE6ECD4}
	EndGlobalSection
EndGlobal
